
Microsoft Visual Studio Solution File, Format Version 12.00
# Visual Studio Version 16
VisualStudioVersion = 16.0.32510.428
MinimumVisualStudioVersion = 10.0.40219.1
Project("{00D1A9C2-B5F0-4AF3-8072-F6C62B433612}") = "EcoTravel-DB", "EcoTravel-DB\EcoTravel-DB.sqlproj", "{9ECCD672-8D88-4707-A406-D3604806234E}"
EndProject
Project("{FAE04EC0-301F-11D3-BF4B-00C04F79EFBC}") = "EcoTravel-MVC", "EcoTravel-MVC\EcoTravel-MVC.csproj", "{51DBB203-8A2F-4798-B149-A17F177B6B76}"
	ProjectSection(ProjectDependencies) = postProject
		{0BB5CFA5-156C-4FEC-9963-F3A07CF510F9} = {0BB5CFA5-156C-4FEC-9963-F3A07CF510F9}
		{761884D4-4280-495C-882B-44D06625DC13} = {761884D4-4280-495C-882B-44D06625DC13}
	EndProjectSection
EndProject
Project("{FAE04EC0-301F-11D3-BF4B-00C04F79EFBC}") = "EcoTravel-DAL", "EcoTravel-DAL\EcoTravel-DAL.csproj", "{5E9C6BF3-F27E-4770-AB8A-A043B10DBC63}"
EndProject
Project("{FAE04EC0-301F-11D3-BF4B-00C04F79EFBC}") = "EcoTravel-BLL", "EcoTravel-BLL\EcoTravel-BLL.csproj", "{0BB5CFA5-156C-4FEC-9963-F3A07CF510F9}"
	ProjectSection(ProjectDependencies) = postProject
		{761884D4-4280-495C-882B-44D06625DC13} = {761884D4-4280-495C-882B-44D06625DC13}
		{5E9C6BF3-F27E-4770-AB8A-A043B10DBC63} = {5E9C6BF3-F27E-4770-AB8A-A043B10DBC63}
	EndProjectSection
EndProject
Project("{FAE04EC0-301F-11D3-BF4B-00C04F79EFBC}") = "EcoTravel-Common", "EcoTravel-Common\EcoTravel-Common.csproj", "{761884D4-4280-495C-882B-44D06625DC13}"
EndProject
Project("{FAE04EC0-301F-11D3-BF4B-00C04F79EFBC}") = "TestDAL", "TestDAL\TestDAL.csproj", "{DD685999-0130-4D2A-9D67-48A9B042A480}"
EndProject
Global
	GlobalSection(SolutionConfigurationPlatforms) = preSolution
		Debug|Any CPU = Debug|Any CPU
		Release|Any CPU = Release|Any CPU
	EndGlobalSection
	GlobalSection(ProjectConfigurationPlatforms) = postSolution
		{9ECCD672-8D88-4707-A406-D3604806234E}.Debug|Any CPU.ActiveCfg = Debug|Any CPU
		{9ECCD672-8D88-4707-A406-D3604806234E}.Debug|Any CPU.Build.0 = Debug|Any CPU
		{9ECCD672-8D88-4707-A406-D3604806234E}.Debug|Any CPU.Deploy.0 = Debug|Any CPU
		{9ECCD672-8D88-4707-A406-D3604806234E}.Release|Any CPU.ActiveCfg = Release|Any CPU
		{9ECCD672-8D88-4707-A406-D3604806234E}.Release|Any CPU.Build.0 = Release|Any CPU
		{9ECCD672-8D88-4707-A406-D3604806234E}.Release|Any CPU.Deploy.0 = Release|Any CPU
		{51DBB203-8A2F-4798-B149-A17F177B6B76}.Debug|Any CPU.ActiveCfg = Debug|Any CPU
		{51DBB203-8A2F-4798-B149-A17F177B6B76}.Debug|Any CPU.Build.0 = Debug|Any CPU
		{51DBB203-8A2F-4798-B149-A17F177B6B76}.Release|Any CPU.ActiveCfg = Release|Any CPU
		{51DBB203-8A2F-4798-B149-A17F177B6B76}.Release|Any CPU.Build.0 = Release|Any CPU
		{5E9C6BF3-F27E-4770-AB8A-A043B10DBC63}.Debug|Any CPU.ActiveCfg = Debug|Any CPU
		{5E9C6BF3-F27E-4770-AB8A-A043B10DBC63}.Debug|Any CPU.Build.0 = Debug|Any CPU
		{5E9C6BF3-F27E-4770-AB8A-A043B10DBC63}.Release|Any CPU.ActiveCfg = Release|Any CPU
		{5E9C6BF3-F27E-4770-AB8A-A043B10DBC63}.Release|Any CPU.Build.0 = Release|Any CPU
		{0BB5CFA5-156C-4FEC-9963-F3A07CF510F9}.Debug|Any CPU.ActiveCfg = Debug|Any CPU
		{0BB5CFA5-156C-4FEC-9963-F3A07CF510F9}.Debug|Any CPU.Build.0 = Debug|Any CPU
		{0BB5CFA5-156C-4FEC-9963-F3A07CF510F9}.Release|Any CPU.ActiveCfg = Release|Any CPU
		{0BB5CFA5-156C-4FEC-9963-F3A07CF510F9}.Release|Any CPU.Build.0 = Release|Any CPU
		{761884D4-4280-495C-882B-44D06625DC13}.Debug|Any CPU.ActiveCfg = Debug|Any CPU
		{761884D4-4280-495C-882B-44D06625DC13}.Debug|Any CPU.Build.0 = Debug|Any CPU
		{761884D4-4280-495C-882B-44D06625DC13}.Release|Any CPU.ActiveCfg = Release|Any CPU
		{761884D4-4280-495C-882B-44D06625DC13}.Release|Any CPU.Build.0 = Release|Any CPU
		{DD685999-0130-4D2A-9D67-48A9B042A480}.Debug|Any CPU.ActiveCfg = Debug|Any CPU
		{DD685999-0130-4D2A-9D67-48A9B042A480}.Debug|Any CPU.Build.0 = Debug|Any CPU
		{DD685999-0130-4D2A-9D67-48A9B042A480}.Release|Any CPU.ActiveCfg = Release|Any CPU
		{DD685999-0130-4D2A-9D67-48A9B042A480}.Release|Any CPU.Build.0 = Release|Any CPU
	EndGlobalSection
	GlobalSection(SolutionProperties) = preSolution
		HideSolutionNode = FALSE
	EndGlobalSection
	GlobalSection(ExtensibilityGlobals) = postSolution
		SolutionGuid = {E51578F4-B1C7-489C-BD92-71B4452F4A72}
	EndGlobalSection
EndGlobal
